# THIS IS AN AUTOGENERATED FILE. DO NOT EDIT THIS FILE DIRECTLY.
# yarn lockfile v1


ip6@0.0.4:
  version "0.0.4"
  resolved "https://registry.yarnpkg.com/ip6/-/ip6-0.0.4.tgz#44c5a9db79e39d405201b4d78d13b3870e48db31"

ipaddr.js@1.2:
  version "1.2.0"
  resolved "https://registry.yarnpkg.com/ipaddr.js/-/ipaddr.js-1.2.0.tgz#8aba49c9192799585bdd643e0ccb50e8ae777ba4"

range_check@^1.4.0:
  version "1.4.0"
  resolved "https://registry.yarnpkg.com/range_check/-/range_check-1.4.0.tgz#cd87c7ac62c40ba9df69b8703c604f60c3748635"
  dependencies:
    ip6 "0.0.4"
    ipaddr.js "1.2"
